// !$*UTF8*$!
{
	archiveVersion = 1;
	classes = {
	};
	objectVersion = 46;
	objects = {

/* Begin PBXBuildFile section */
		3AF4D1133EBB978851BD107D /* Pods_gameofchats.framework in Frameworks */ = {isa = PBXBuildFile; fileRef = DDD28FF13821748907E332AE /* Pods_gameofchats.framework */; };
		4D93B5F61ECD2EB500E486B6 /* AppDelegate.swift in Sources */ = {isa = PBXBuildFile; fileRef = 4D93B5F51ECD2EB500E486B6 /* AppDelegate.swift */; };
		4D93B5F81ECD2EB500E486B6 /* ViewController.swift in Sources */ = {isa = PBXBuildFile; fileRef = 4D93B5F71ECD2EB500E486B6 /* ViewController.swift */; };
		4D93B5FD1ECD2EB500E486B6 /* Assets.xcassets in Resources */ = {isa = PBXBuildFile; fileRef = 4D93B5FC1ECD2EB500E486B6 /* Assets.xcassets */; };
		4D93B6001ECD2EB500E486B6 /* LaunchScreen.storyboard in Resources */ = {isa = PBXBuildFile; fileRef = 4D93B5FE1ECD2EB500E486B6 /* LaunchScreen.storyboard */; };
		4D93B6091ECD33AB00E486B6 /* LoginController.swift in Sources */ = {isa = PBXBuildFile; fileRef = 4D93B6081ECD33AB00E486B6 /* LoginController.swift */; };
		4DF5EA861ED38BFE0001649D /* GoogleService-Info.plist in Resources */ = {isa = PBXBuildFile; fileRef = 4DF5EA851ED38BFE0001649D /* GoogleService-Info.plist */; };
/* End PBXBuildFile section */

/* Begin PBXFileReference section */
		4D93B5F21ECD2EB500E486B6 /* gameofchats.app */ = {isa = PBXFileReference; explicitFileType = wrapper.application; includeInIndex = 0; path = gameofchats.app; sourceTree = BUILT_PRODUCTS_DIR; };
		4D93B5F51ECD2EB500E486B6 /* AppDelegate.swift */ = {isa = PBXFileReference; lastKnownFileType = sourcecode.swift; path = AppDelegate.swift; sourceTree = "<group>"; };
		4D93B5F71ECD2EB500E486B6 /* ViewController.swift */ = {isa = PBXFileReference; lastKnownFileType = sourcecode.swift; path = ViewController.swift; sourceTree = "<group>"; };
		4D93B5FC1ECD2EB500E486B6 /* Assets.xcassets */ = {isa = PBXFileReference; lastKnownFileType = folder.assetcatalog; path = Assets.xcassets; sourceTree = "<group>"; };
		4D93B5FF1ECD2EB500E486B6 /* Base */ = {isa = PBXFileReference; lastKnownFileType = file.storyboard; name = Base; path = Base.lproj/LaunchScreen.storyboard; sourceTree = "<group>"; };
		4D93B6011ECD2EB500E486B6 /* Info.plist */ = {isa = PBXFileReference; lastKnownFileType = text.plist.xml; path = Info.plist; sourceTree = "<group>"; };
		4D93B6081ECD33AB00E486B6 /* LoginController.swift */ = {isa = PBXFileReference; fileEncoding = 4; lastKnownFileType = sourcecode.swift; path = LoginController.swift; sourceTree = "<group>"; };
		4DF5EA851ED38BFE0001649D /* GoogleService-Info.plist */ = {isa = PBXFileReference; fileEncoding = 4; lastKnownFileType = text.plist.xml; name = "GoogleService-Info.plist"; path = "../GoogleService-Info.plist"; sourceTree = "<group>"; };
		65285C6CBF16C5215FF3911C /* Pods-gameofchats.release.xcconfig */ = {isa = PBXFileReference; includeInIndex = 1; lastKnownFileType = text.xcconfig; name = "Pods-gameofchats.release.xcconfig"; path = "Pods/Target Support Files/Pods-gameofchats/Pods-gameofchats.release.xcconfig"; sourceTree = "<group>"; };
		B5F20EB7AC31DFD07C0743A7 /* Pods-gameofchats.debug.xcconfig */ = {isa = PBXFileReference; includeInIndex = 1; lastKnownFileType = text.xcconfig; name = "Pods-gameofchats.debug.xcconfig"; path = "Pods/Target Support Files/Pods-gameofchats/Pods-gameofchats.debug.xcconfig"; sourceTree = "<group>"; };
		DDD28FF13821748907E332AE /* Pods_gameofchats.framework */ = {isa = PBXFileReference; explicitFileType = wrapper.framework; includeInIndex = 0; path = Pods_gameofchats.framework; sourceTree = BUILT_PRODUCTS_DIR; };
/* End PBXFileReference section */

/* Begin PBXFrameworksBuildPhase section */
		4D93B5EF1ECD2EB500E486B6 /* Frameworks */ = {
			isa = PBXFrameworksBuildPhase;
			buildActionMask = 2147483647;
			files = (
				3AF4D1133EBB978851BD107D /* Pods_gameofchats.framework in Frameworks */,
			);
			runOnlyForDeploymentPostprocessing = 0;
		};
/* End PBXFrameworksBuildPhase section */

/* Begin PBXGroup section */
		176C87EAD742924D76C2AE10 /* Frameworks */ = {
			isa = PBXGroup;
			children = (
				DDD28FF13821748907E332AE /* Pods_gameofchats.framework */,
			);
			name = Frameworks;
			sourceTree = "<group>";
		};
		4D93B5E91ECD2EB500E486B6 = {
			isa = PBXGroup;
			children = (
				4D93B5F41ECD2EB500E486B6 /* gameofchats */,
				4D93B5F31ECD2EB500E486B6 /* Products */,
				7851982B2BAF050EDA0600FB /* Pods */,
				176C87EAD742924D76C2AE10 /* Frameworks */,
			);
			sourceTree = "<group>";
		};
		4D93B5F31ECD2EB500E486B6 /* Products */ = {
			isa = PBXGroup;
			children = (
				4D93B5F21ECD2EB500E486B6 /* gameofchats.app */,
			);
			name = Products;
			sourceTree = "<group>";
		};
		4D93B5F41ECD2EB500E486B6 /* gameofchats */ = {
			isa = PBXGroup;
			children = (
				4D93B6071ECD338700E486B6 /* Controller */,
				4D93B5F51ECD2EB500E486B6 /* AppDelegate.swift */,
				4D93B5FC1ECD2EB500E486B6 /* Assets.xcassets */,
				4D93B5FE1ECD2EB500E486B6 /* LaunchScreen.storyboard */,
				4D93B6011ECD2EB500E486B6 /* Info.plist */,
				4DF5EA851ED38BFE0001649D /* GoogleService-Info.plist */,
			);
			path = gameofchats;
			sourceTree = "<group>";
		};
		4D93B6071ECD338700E486B6 /* Controller */ = {
			isa = PBXGroup;
			children = (
				4D93B6081ECD33AB00E486B6 /* LoginController.swift */,
				4D93B5F71ECD2EB500E486B6 /* ViewController.swift */,
			);
			name = Controller;
			sourceTree = "<group>";
		};
		7851982B2BAF050EDA0600FB /* Pods */ = {
			isa = PBXGroup;
			children = (
				B5F20EB7AC31DFD07C0743A7 /* Pods-gameofchats.debug.xcconfig */,
				65285C6CBF16C5215FF3911C /* Pods-gameofchats.release.xcconfig */,
			);
			name = Pods;
			sourceTree = "<group>";
		};
/* End PBXGroup section */

/* Begin PBXNativeTarget section */
		4D93B5F11ECD2EB500E486B6 /* gameofchats */ = {
			isa = PBXNativeTarget;
			buildConfigurationList = 4D93B6041ECD2EB500E486B6 /* Build configuration list for PBXNativeTarget "gameofchats" */;
			buildPhases = (
				C80ADBD09032D5B0F2F11BFB /* [CP] Check Pods Manifest.lock */,
				4D93B5EE1ECD2EB500E486B6 /* Sources */,
				4D93B5EF1ECD2EB500E486B6 /* Frameworks */,
				4D93B5F01ECD2EB500E486B6 /* Resources */,
				A15D0F4D98B1DF1F5B825313 /* [CP] Embed Pods Frameworks */,
				B75E154F6E929CDC72A74078 /* [CP] Copy Pods Resources */,
			);
			buildRules = (
			);
			dependencies = (
			);
			name = gameofchats;
			productName = gameofchats;
			productReference = 4D93B5F21ECD2EB500E486B6 /* gameofchats.app */;
			productType = "com.apple.product-type.application";
		};
/* End PBXNativeTarget section */

/* Begin PBXProject section */
		4D93B5EA1ECD2EB500E486B6 /* Project object */ = {
			isa = PBXProject;
			attributes = {
				LastSwiftUpdateCheck = 0830;
				LastUpgradeCheck = 0830;
				ORGANIZATIONNAME = "Mark Mansur";
				TargetAttributes = {
					4D93B5F11ECD2EB500E486B6 = {
						CreatedOnToolsVersion = 8.3.2;
						DevelopmentTeam = EYSSST7CZ9;
						ProvisioningStyle = Automatic;
					};
				};
			};
			buildConfigurationList = 4D93B5ED1ECD2EB500E486B6 /* Build configuration list for PBXProject "gameofchats" */;
			compatibilityVersion = "Xcode 3.2";
			developmentRegion = English;
			hasScannedForEncodings = 0;
			knownRegions = (
				en,
				Base,
			);
			mainGroup = 4D93B5E91ECD2EB500E486B6;
			productRefGroup = 4D93B5F31ECD2EB500E486B6 /* Products */;
			projectDirPath = "";
			projectRoot = "";
			targets = (
				4D93B5F11ECD2EB500E486B6 /* gameofchats */,
			);
		};
/* End PBXProject section */

/* Begin PBXResourcesBuildPhase section */
		4D93B5F01ECD2EB500E486B6 /* Resources */ = {
			isa = PBXResourcesBuildPhase;
			buildActionMask = 2147483647;
			files = (
				4D93B6001ECD2EB500E486B6 /* LaunchScreen.storyboard in Resources */,
				4D93B5FD1ECD2EB500E486B6 /* Assets.xcassets in Resources */,
				4DF5EA861ED38BFE0001649D /* GoogleService-Info.plist in Resources */,
			);
			runOnlyForDeploymentPostprocessing = 0;
		};
/* End PBXResourcesBuildPhase section */

/* Begin PBXShellScriptBuildPhase section */
		A15D0F4D98B1DF1F5B825313 /* [CP] Embed Pods Frameworks */ = {
			isa = PBXShellScriptBuildPhase;
			buildActionMask = 2147483647;
			files = (
			);
			inputPaths = (
			);
			name = "[CP] Embed Pods Frameworks";
			outputPaths = (
			);
			runOnlyForDeploymentPostprocessing = 0;
			shellPath = /bin/sh;
			shellScript = "\"${SRCROOT}/Pods/Target Support Files/Pods-gameofchats/Pods-gameofchats-frameworks.sh\"\n";
			showEnvVarsInLog = 0;
		};
		B75E154F6E929CDC72A74078 /* [CP] Copy Pods Resources */ = {
			isa = PBXShellScriptBuildPhase;
			buildActionMask = 2147483647;
			files = (
			);
			inputPaths = (
			);
			name = "[CP] Copy Pods Resources";
			outputPaths = (
			);
			runOnlyForDeploymentPostprocessing = 0;
			shellPath = /bin/sh;
			shellScript = "\"${SRCROOT}/Pods/Target Support Files/Pods-gameofchats/Pods-gameofchats-resources.sh\"\n";
			showEnvVarsInLog = 0;
		};
		C80ADBD09032D5B0F2F11BFB /* [CP] Check Pods Manifest.lock */ = {
			isa = PBXShellScriptBuildPhase;
			buildActionMask = 2147483647;
			files = (
			);
			inputPaths = (
			);
			name = "[CP] Check Pods Manifest.lock";
			outputPaths = (
			);
			runOnlyForDeploymentPostprocessing = 0;
			shellPath = /bin/sh;
			shellScript = "diff \"${PODS_PODFILE_DIR_PATH}/Podfile.lock\" \"${PODS_ROOT}/Manifest.lock\" > /dev/null\nif [ $? != 0 ] ; then\n    # print error to STDERR\n    echo \"error: The sandbox is not in sync with the Podfile.lock. Run 'pod install' or update your CocoaPods installation.\" >&2\n    exit 1\nfi\n";
			showEnvVarsInLog = 0;
		};
/* End PBXShellScriptBuildPhase section */

/* Begin PBXSourcesBuildPhase section */
		4D93B5EE1ECD2EB500E486B6 /* Sources */ = {
			isa = PBXSourcesBuildPhase;
			buildActionMask = 2147483647;
			files = (
				4D93B5F81ECD2EB500E486B6 /* ViewController.swift in Sources */,
				4D93B6091ECD33AB00E486B6 /* LoginController.swift in Sources */,
				4D93B5F61ECD2EB500E486B6 /* AppDelegate.swift in Sources */,
			);
			runOnlyForDeploymentPostprocessing = 0;
		};
/* End PBXSourcesBuildPhase section */

/* Begin PBXVariantGroup section */
		4D93B5FE1ECD2EB500E486B6 /* LaunchScreen.storyboard */ = {
			isa = PBXVariantGroup;
			children = (
				4D93B5FF1ECD2EB500E486B6 /* Base */,
			);
			name = LaunchScreen.storyboard;
			sourceTree = "<group>";
		};
/* End PBXVariantGroup section */

/* Begin XCBuildConfiguration section */
		4D93B6021ECD2EB500E486B6 /* Debug */ = {
			isa = XCBuildConfiguration;
			buildSettings = {
				ALWAYS_SEARCH_USER_PATHS = NO;
				CLANG_ANALYZER_NONNULL = YES;
				CLANG_ANALYZER_NUMBER_OBJECT_CONVERSION = YES_AGGRESSIVE;
				CLANG_CXX_LANGUAGE_STANDARD = "gnu++0x";
				CLANG_CXX_LIBRARY = "libc++";
				CLANG_ENABLE_MODULES = YES;
				CLANG_ENABLE_OBJC_ARC = YES;
				CLANG_WARN_BOOL_CONVERSION = YES;
				CLANG_WARN_CONSTANT_CONVERSION = YES;
				CLANG_WARN_DIRECT_OBJC_ISA_USAGE = YES_ERROR;
				CLANG_WARN_DOCUMENTATION_COMMENTS = YES;
				CLANG_WARN_EMPTY_BODY = YES;
				CLANG_WARN_ENUM_CONVERSION = YES;
				CLANG_WARN_INFINITE_RECURSION = YES;
				CLANG_WARN_INT_CONVERSION = YES;
				CLANG_WARN_OBJC_ROOT_CLASS = YES_ERROR;
				CLANG_WARN_SUSPICIOUS_MOVE = YES;
				CLANG_WARN_UNREACHABLE_CODE = YES;
				CLANG_WARN__DUPLICATE_METHOD_MATCH = YES;
				"CODE_SIGN_IDENTITY[sdk=iphoneos*]" = "iPhone Developer";
				COPY_PHASE_STRIP = NO;
				DEBUG_INFORMATION_FORMAT = dwarf;
				ENABLE_STRICT_OBJC_MSGSEND = YES;
				ENABLE_TESTABILITY = YES;
				GCC_C_LANGUAGE_STANDARD = gnu99;
				GCC_DYNAMIC_NO_PIC = NO;
				GCC_NO_COMMON_BLOCKS = YES;
				GCC_OPTIMIZATION_LEVEL = 0;
				GCC_PREPROCESSOR_DEFINITIONS = (
					"DEBUG=1",
					"$(inherited)",
				);
				GCC_WARN_64_TO_32_BIT_CONVERSION = YES;
				GCC_WARN_ABOUT_RETURN_TYPE = YES_ERROR;
				GCC_WARN_UNDECLARED_SELECTOR = YES;
				GCC_WARN_UNINITIALIZED_AUTOS = YES_AGGRESSIVE;
				GCC_WARN_UNUSED_FUNCTION = YES;
				GCC_WARN_UNUSED_VARIABLE = YES;
				IPHONEOS_DEPLOYMENT_TARGET = 10.3;
				MTL_ENABLE_DEBUG_INFO = YES;
				ONLY_ACTIVE_ARCH = YES;
				SDKROOT = iphoneos;
				SWIFT_ACTIVE_COMPILATION_CONDITIONS = DEBUG;
				SWIFT_OPTIMIZATION_LEVEL = "-Onone";
			};
			name = Debug;
		};
		4D93B6031ECD2EB500E486B6 /* Release */ = {
			isa = XCBuildConfiguration;
			buildSettings = {
				ALWAYS_SEARCH_USER_PATHS = NO;
				CLANG_ANALYZER_NONNULL = YES;
				CLANG_ANALYZER_NUMBER_OBJECT_CONVERSION = YES_AGGRESSIVE;
				CLANG_CXX_LANGUAGE_STANDARD = "gnu++0x";
				CLANG_CXX_LIBRARY = "libc++";
				CLANG_ENABLE_MODULES = YES;
				CLANG_ENABLE_OBJC_ARC = YES;
				CLANG_WARN_BOOL_CONVERSION = YES;
				CLANG_WARN_CONSTANT_CONVERSION = YES;
				CLANG_WARN_DIRECT_OBJC_ISA_USAGE = YES_ERROR;
				CLANG_WARN_DOCUMENTATION_COMMENTS = YES;
				CLANG_WARN_EMPTY_BODY = YES;
				CLANG_WARN_ENUM_CONVERSION = YES;
				CLANG_WARN_INFINITE_RECURSION = YES;
				CLANG_WARN_INT_CONVERSION = YES;
				CLANG_WARN_OBJC_ROOT_CLASS = YES_ERROR;
				CLANG_WARN_SUSPICIOUS_MOVE = YES;
				CLANG_WARN_UNREACHABLE_CODE = YES;
				CLANG_WARN__DUPLICATE_METHOD_MATCH = YES;
				"CODE_SIGN_IDENTITY[sdk=iphoneos*]" = "iPhone Developer";
				COPY_PHASE_STRIP = NO;
				DEBUG_INFORMATION_FORMAT = "dwarf-with-dsym";
				ENABLE_NS_ASSERTIONS = NO;
				ENABLE_STRICT_OBJC_MSGSEND = YES;
				GCC_C_LANGUAGE_STANDARD = gnu99;
				GCC_NO_COMMON_BLOCKS = YES;
				GCC_WARN_64_TO_32_BIT_CONVERSION = YES;
				GCC_WARN_ABOUT_RETURN_TYPE = YES_ERROR;
				GCC_WARN_UNDECLARED_SELECTOR = YES;
				GCC_WARN_UNINITIALIZED_AUTOS = YES_AGGRESSIVE;
				GCC_WARN_UNUSED_FUNCTION = YES;
				GCC_WARN_UNUSED_VARIABLE = YES;
				IPHONEOS_DEPLOYMENT_TARGET = 10.3;
				MTL_ENABLE_DEBUG_INFO = NO;
				SDKROOT = iphoneos;
				SWIFT_OPTIMIZATION_LEVEL = "-Owholemodule";
				VALIDATE_PRODUCT = YES;
			};
			name = Release;
		};
		4D93B6051ECD2EB500E486B6 /* Debug */ = {
			isa = XCBuildConfiguration;
			baseConfigurationReference = B5F20EB7AC31DFD07C0743A7 /* Pods-gameofchats.debug.xcconfig */;
			buildSettings = {
				ASSETCATALOG_COMPILER_APPICON_NAME = AppIcon;
				DEVELOPMENT_TEAM = EYSSST7CZ9;
				INFOPLIST_FILE = gameofchats/Info.plist;
				IPHONEOS_DEPLOYMENT_TARGET = 10.2;
				LD_RUNPATH_SEARCH_PATHS = "$(inherited) @executable_path/Frameworks";
				PRODUCT_BUNDLE_IDENTIFIER = com.MarkMansur.gameofchats;
				PRODUCT_NAME = "$(TARGET_NAME)";
				SWIFT_VERSION = 3.0;
			};
			name = Debug;
		};
		4D93B6061ECD2EB500E486B6 /* Release */ = {
			isa = XCBuildConfiguration;
			baseConfigurationReference = 65285C6CBF16C5215FF3911C /* Pods-gameofchats.release.xcconfig */;
			buildSettings = {
				ASSETCATALOG_COMPILER_APPICON_NAME = AppIcon;
				DEVELOPMENT_TEAM = EYSSST7CZ9;
				INFOPLIST_FILE = gameofchats/Info.plist;
				IPHONEOS_DEPLOYMENT_TARGET = 10.2;
				LD_RUNPATH_SEARCH_PATHS = "$(inherited) @executable_path/Frameworks";
				PRODUCT_BUNDLE_IDENTIFIER = com.MarkMansur.gameofchats;
				PRODUCT_NAME = "$(TARGET_NAME)";
				SWIFT_VERSION = 3.0;
			};
			name = Release;
		};
/* End XCBuildConfiguration section */

/* Begin XCConfigurationList section */
		4D93B5ED1ECD2EB500E486B6 /* Build configuration list for PBXProject "gameofchats" */ = {
			isa = XCConfigurationList;
			buildConfigurations = (
				4D93B6021ECD2EB500E486B6 /* Debug */,
				4D93B6031ECD2EB500E486B6 /* Release */,
			);
			defaultConfigurationIsVisible = 0;
			defaultConfigurationName = Release;
		};
		4D93B6041ECD2EB500E486B6 /* Build configuration list for PBXNativeTarget "gameofchats" */ = {
			isa = XCConfigurationList;
			buildConfigurations = (
				4D93B6051ECD2EB500E486B6 /* Debug */,
				4D93B6061ECD2EB500E486B6 /* Release */,
			);
			defaultConfigurationIsVisible = 0;
			defaultConfigurationName = Release;
		};
/* End XCConfigurationList section */
	};
	rootObject = 4D93B5EA1ECD2EB500E486B6 /* Project object */;
}
